# THIS IS AN AUTOGENERATED FILE. DO NOT EDIT THIS FILE DIRECTLY.
# yarn lockfile v1


flow-bin@^0.164.0:
  version "0.164.0"
  resolved "https://registry.yarnpkg.com/flow-bin/-/flow-bin-0.164.0.tgz#dc2a1f1cd59670e7d95320232a673c6e31b11ff3"
  integrity sha512-cSAA0LLa1SlQ1YmNCYpJ19ES39WYrqjfxX8Oqhbvn6+DET8Cs+EnVkJWHVSkfK8zUupbxvSt7pDoFXePYbcJRA==
